
Microsoft Visual Studio Solution File, Format Version 12.00
# Visual Studio Version 16
VisualStudioVersion = 16.0.30523.141
MinimumVisualStudioVersion = 10.0.40219.1
Project("{9A19103F-16F7-4668-BE54-9A1E7A4F7556}") = "HashCalc", "..\HashCalc\Source\HashCalc.csproj", "{EC24B5F2-CCE6-42CC-BC31-D7B9D3356FB5}"
EndProject
Project("{9A19103F-16F7-4668-BE54-9A1E7A4F7556}") = "DxTBoxCore", "..\DxTBoxCore\Sources\DxTBoxCore.csproj", "{C78ED0F7-00D8-4F0F-814C-EFAE435C67FB}"
EndProject
Project("{FAE04EC0-301F-11D3-BF4B-00C04F79EFBC}") = "SevenZip", "..\SeverZipSharp\SevenZip\SevenZip.csproj", "{4960DD14-3431-47EC-B9D9-9D2730A98DC3}"
EndProject
Project("{9A19103F-16F7-4668-BE54-9A1E7A4F7556}") = "Hermes", "..\Hermes\Sources\Hermes.csproj", "{2531F073-9395-4135-9859-9C7034A345A0}"
EndProject
Project("{9A19103F-16F7-4668-BE54-9A1E7A4F7556}") = "DxLocalTransf", "..\DxLocalTrans\DxLocalTrans\DxLocalTransf.csproj", "{D66DF0E3-4B3A-40E3-8EDD-21789FD3A136}"
EndProject
Project("{9A19103F-16F7-4668-BE54-9A1E7A4F7556}") = "UnPack My Game", "Sources\UnPack My Game\UnPack My Game.csproj", "{D433975E-330C-4644-AF86-379C0749E8D3}"
EndProject
Project("{9A19103F-16F7-4668-BE54-9A1E7A4F7556}") = "Pack My Game", "Sources\Pack My Game\Pack My Game.csproj", "{020259F5-BB1B-4C64-9B3E-0DD75EEC771B}"
EndProject
Project("{FAE04EC0-301F-11D3-BF4B-00C04F79EFBC}") = "DxPaths", "..\..\..\Clouds\GDrive - Dx\Programmation\CSharp\DxPaths\DxPaths.csproj", "{CF0F0767-B96B-499D-9638-E39F608169AD}"
EndProject
Project("{9A19103F-16F7-4668-BE54-9A1E7A4F7556}") = "LaunchBox XML", "Sources\LaunchBox XML\LaunchBox XML.csproj", "{ED257D36-2C17-40DC-9924-867CF3F02AB1}"
EndProject
Project("{9A19103F-16F7-4668-BE54-9A1E7A4F7556}") = "AreaSelect", "..\AreaSelect\AreaSelect.csproj", "{23EB2375-62D0-4AD0-8A90-68174368C2FD}"
EndProject
Project("{9A19103F-16F7-4668-BE54-9A1E7A4F7556}") = "DxCCtrl", "..\DxCoreControls\Source\DxCCtrl.csproj", "{3F4E6D55-9EF3-4E28-AB1D-6FD361A24718}"
EndProject
Project("{9A19103F-16F7-4668-BE54-9A1E7A4F7556}") = "Common_PMG", "Sources\Common_PMG\Common_PMG.csproj", "{F8708B31-DC01-433F-ABA4-7D53D11E3344}"
EndProject
Project("{9A19103F-16F7-4668-BE54-9A1E7A4F7556}") = "AsyncProgress", "..\AsyncProgress\Sources\AsyncProgress.csproj", "{EE480FF0-36E0-4E21-B04F-85BD48FB7AE2}"
EndProject
Project("{9A19103F-16F7-4668-BE54-9A1E7A4F7556}") = "Common_Graph", "Sources\Common_Graph\Common_Graph.csproj", "{6FD2CBCF-1753-494A-86CC-FA860DFB5BB1}"
EndProject
Global
	GlobalSection(SolutionConfigurationPlatforms) = preSolution
		Debug|Any CPU = Debug|Any CPU
		Release|Any CPU = Release|Any CPU
	EndGlobalSection
	GlobalSection(ProjectConfigurationPlatforms) = postSolution
		{EC24B5F2-CCE6-42CC-BC31-D7B9D3356FB5}.Debug|Any CPU.ActiveCfg = Debug|Any CPU
		{EC24B5F2-CCE6-42CC-BC31-D7B9D3356FB5}.Debug|Any CPU.Build.0 = Debug|Any CPU
		{EC24B5F2-CCE6-42CC-BC31-D7B9D3356FB5}.Release|Any CPU.ActiveCfg = Release|Any CPU
		{EC24B5F2-CCE6-42CC-BC31-D7B9D3356FB5}.Release|Any CPU.Build.0 = Release|Any CPU
		{C78ED0F7-00D8-4F0F-814C-EFAE435C67FB}.Debug|Any CPU.ActiveCfg = Debug|Any CPU
		{C78ED0F7-00D8-4F0F-814C-EFAE435C67FB}.Debug|Any CPU.Build.0 = Debug|Any CPU
		{C78ED0F7-00D8-4F0F-814C-EFAE435C67FB}.Release|Any CPU.ActiveCfg = Release|Any CPU
		{C78ED0F7-00D8-4F0F-814C-EFAE435C67FB}.Release|Any CPU.Build.0 = Release|Any CPU
		{4960DD14-3431-47EC-B9D9-9D2730A98DC3}.Debug|Any CPU.ActiveCfg = Debug|Any CPU
		{4960DD14-3431-47EC-B9D9-9D2730A98DC3}.Debug|Any CPU.Build.0 = Debug|Any CPU
		{4960DD14-3431-47EC-B9D9-9D2730A98DC3}.Release|Any CPU.ActiveCfg = Release|Any CPU
		{4960DD14-3431-47EC-B9D9-9D2730A98DC3}.Release|Any CPU.Build.0 = Release|Any CPU
		{2531F073-9395-4135-9859-9C7034A345A0}.Debug|Any CPU.ActiveCfg = Debug|Any CPU
		{2531F073-9395-4135-9859-9C7034A345A0}.Debug|Any CPU.Build.0 = Debug|Any CPU
		{2531F073-9395-4135-9859-9C7034A345A0}.Release|Any CPU.ActiveCfg = Release|Any CPU
		{2531F073-9395-4135-9859-9C7034A345A0}.Release|Any CPU.Build.0 = Release|Any CPU
		{D66DF0E3-4B3A-40E3-8EDD-21789FD3A136}.Debug|Any CPU.ActiveCfg = Debug|Any CPU
		{D66DF0E3-4B3A-40E3-8EDD-21789FD3A136}.Debug|Any CPU.Build.0 = Debug|Any CPU
		{D66DF0E3-4B3A-40E3-8EDD-21789FD3A136}.Release|Any CPU.ActiveCfg = Release|Any CPU
		{D66DF0E3-4B3A-40E3-8EDD-21789FD3A136}.Release|Any CPU.Build.0 = Release|Any CPU
		{D433975E-330C-4644-AF86-379C0749E8D3}.Debug|Any CPU.ActiveCfg = Debug|Any CPU
		{D433975E-330C-4644-AF86-379C0749E8D3}.Debug|Any CPU.Build.0 = Debug|Any CPU
		{D433975E-330C-4644-AF86-379C0749E8D3}.Release|Any CPU.ActiveCfg = Release|Any CPU
		{D433975E-330C-4644-AF86-379C0749E8D3}.Release|Any CPU.Build.0 = Release|Any CPU
		{020259F5-BB1B-4C64-9B3E-0DD75EEC771B}.Debug|Any CPU.ActiveCfg = Debug|Any CPU
		{020259F5-BB1B-4C64-9B3E-0DD75EEC771B}.Debug|Any CPU.Build.0 = Debug|Any CPU
		{020259F5-BB1B-4C64-9B3E-0DD75EEC771B}.Release|Any CPU.ActiveCfg = Release|Any CPU
		{020259F5-BB1B-4C64-9B3E-0DD75EEC771B}.Release|Any CPU.Build.0 = Release|Any CPU
		{CF0F0767-B96B-499D-9638-E39F608169AD}.Debug|Any CPU.ActiveCfg = Debug|Any CPU
		{CF0F0767-B96B-499D-9638-E39F608169AD}.Debug|Any CPU.Build.0 = Debug|Any CPU
		{CF0F0767-B96B-499D-9638-E39F608169AD}.Release|Any CPU.ActiveCfg = Release|Any CPU
		{CF0F0767-B96B-499D-9638-E39F608169AD}.Release|Any CPU.Build.0 = Release|Any CPU
		{ED257D36-2C17-40DC-9924-867CF3F02AB1}.Debug|Any CPU.ActiveCfg = Debug|Any CPU
		{ED257D36-2C17-40DC-9924-867CF3F02AB1}.Debug|Any CPU.Build.0 = Debug|Any CPU
		{ED257D36-2C17-40DC-9924-867CF3F02AB1}.Release|Any CPU.ActiveCfg = Release|Any CPU
		{ED257D36-2C17-40DC-9924-867CF3F02AB1}.Release|Any CPU.Build.0 = Release|Any CPU
		{23EB2375-62D0-4AD0-8A90-68174368C2FD}.Debug|Any CPU.ActiveCfg = Debug|Any CPU
		{23EB2375-62D0-4AD0-8A90-68174368C2FD}.Debug|Any CPU.Build.0 = Debug|Any CPU
		{23EB2375-62D0-4AD0-8A90-68174368C2FD}.Release|Any CPU.ActiveCfg = Release|Any CPU
		{23EB2375-62D0-4AD0-8A90-68174368C2FD}.Release|Any CPU.Build.0 = Release|Any CPU
		{3F4E6D55-9EF3-4E28-AB1D-6FD361A24718}.Debug|Any CPU.ActiveCfg = Debug|Any CPU
		{3F4E6D55-9EF3-4E28-AB1D-6FD361A24718}.Debug|Any CPU.Build.0 = Debug|Any CPU
		{3F4E6D55-9EF3-4E28-AB1D-6FD361A24718}.Release|Any CPU.ActiveCfg = Release|Any CPU
		{3F4E6D55-9EF3-4E28-AB1D-6FD361A24718}.Release|Any CPU.Build.0 = Release|Any CPU
		{F8708B31-DC01-433F-ABA4-7D53D11E3344}.Debug|Any CPU.ActiveCfg = Debug|Any CPU
		{F8708B31-DC01-433F-ABA4-7D53D11E3344}.Debug|Any CPU.Build.0 = Debug|Any CPU
		{F8708B31-DC01-433F-ABA4-7D53D11E3344}.Release|Any CPU.ActiveCfg = Release|Any CPU
		{F8708B31-DC01-433F-ABA4-7D53D11E3344}.Release|Any CPU.Build.0 = Release|Any CPU
		{EE480FF0-36E0-4E21-B04F-85BD48FB7AE2}.Debug|Any CPU.ActiveCfg = Debug|Any CPU
		{EE480FF0-36E0-4E21-B04F-85BD48FB7AE2}.Debug|Any CPU.Build.0 = Debug|Any CPU
		{EE480FF0-36E0-4E21-B04F-85BD48FB7AE2}.Release|Any CPU.ActiveCfg = Release|Any CPU
		{EE480FF0-36E0-4E21-B04F-85BD48FB7AE2}.Release|Any CPU.Build.0 = Release|Any CPU
		{6FD2CBCF-1753-494A-86CC-FA860DFB5BB1}.Debug|Any CPU.ActiveCfg = Debug|Any CPU
		{6FD2CBCF-1753-494A-86CC-FA860DFB5BB1}.Debug|Any CPU.Build.0 = Debug|Any CPU
		{6FD2CBCF-1753-494A-86CC-FA860DFB5BB1}.Release|Any CPU.ActiveCfg = Release|Any CPU
		{6FD2CBCF-1753-494A-86CC-FA860DFB5BB1}.Release|Any CPU.Build.0 = Release|Any CPU
	EndGlobalSection
	GlobalSection(SolutionProperties) = preSolution
		HideSolutionNode = FALSE
	EndGlobalSection
	GlobalSection(ExtensibilityGlobals) = postSolution
		SolutionGuid = {B0677F1E-3E48-45AD-96C1-1E158C459789}
	EndGlobalSection
EndGlobal
