
Microsoft Visual Studio Solution File, Format Version 12.00
# Visual Studio Version 16
VisualStudioVersion = 16.0.30523.141
MinimumVisualStudioVersion = 10.0.40219.1
Project("{FAE04EC0-301F-11D3-BF4B-00C04F79EFBC}") = "DxTrace", "..\DxTrace\DxTrace\DxTrace.csproj", "{3BAFED69-C3DA-4366-AA4D-95D829139175}"
EndProject
Project("{FAE04EC0-301F-11D3-BF4B-00C04F79EFBC}") = "MyControls", "..\..\..\Clouds\GDrive - Dx\Programmation\CSharp\MyControls\MyControls\MyControls.csproj", "{C097F528-81F2-40E4-9D93-F49422D20B35}"
EndProject
Project("{9A19103F-16F7-4668-BE54-9A1E7A4F7556}") = "HashCalc", "..\HashCalc\Source\HashCalc.csproj", "{EC24B5F2-CCE6-42CC-BC31-D7B9D3356FB5}"
EndProject
Project("{9A19103F-16F7-4668-BE54-9A1E7A4F7556}") = "DxTBoxCore", "..\DxTBoxCore\Sources\DxTBoxCore.csproj", "{C78ED0F7-00D8-4F0F-814C-EFAE435C67FB}"
EndProject
Project("{FAE04EC0-301F-11D3-BF4B-00C04F79EFBC}") = "SevenZip", "..\SeverZipSharp\SevenZip\SevenZip.csproj", "{4960DD14-3431-47EC-B9D9-9D2730A98DC3}"
EndProject
Project("{9A19103F-16F7-4668-BE54-9A1E7A4F7556}") = "Hermes", "..\Hermes\Sources\Hermes.csproj", "{2531F073-9395-4135-9859-9C7034A345A0}"
EndProject
Project("{9A19103F-16F7-4668-BE54-9A1E7A4F7556}") = "DxLocalTransf", "..\DxLocalTrans\DxLocalTrans\DxLocalTransf.csproj", "{D66DF0E3-4B3A-40E3-8EDD-21789FD3A136}"
EndProject
Project("{9A19103F-16F7-4668-BE54-9A1E7A4F7556}") = "UnPack My Game", "Sources\UnPack My Game\UnPack My Game.csproj", "{D433975E-330C-4644-AF86-379C0749E8D3}"
EndProject
Project("{9A19103F-16F7-4668-BE54-9A1E7A4F7556}") = "Pack My Game", "Sources\Pack My Game\Pack My Game.csproj", "{020259F5-BB1B-4C64-9B3E-0DD75EEC771B}"
EndProject
Project("{FAE04EC0-301F-11D3-BF4B-00C04F79EFBC}") = "DxPaths", "..\..\..\Clouds\GDrive - Dx\Programmation\CSharp\DxPaths\DxPaths.csproj", "{CF0F0767-B96B-499D-9638-E39F608169AD}"
EndProject
Project("{9A19103F-16F7-4668-BE54-9A1E7A4F7556}") = "LaunchBox XML", "Sources\LaunchBox XML\LaunchBox XML.csproj", "{ED257D36-2C17-40DC-9924-867CF3F02AB1}"
EndProject
Project("{9A19103F-16F7-4668-BE54-9A1E7A4F7556}") = "AreaSelect", "..\AreaSelect\AreaSelect.csproj", "{23EB2375-62D0-4AD0-8A90-68174368C2FD}"
EndProject
Project("{9A19103F-16F7-4668-BE54-9A1E7A4F7556}") = "DxCCtrl", "..\DxCoreControls\Source\DxCCtrl.csproj", "{3F4E6D55-9EF3-4E28-AB1D-6FD361A24718}"
EndProject
Project("{9A19103F-16F7-4668-BE54-9A1E7A4F7556}") = "AsyncProgress", "..\AsyncProgress\AsyncProgress.csproj", "{B7DFD6CC-E813-4B6E-84D6-C0D64A5193CB}"
EndProject
Project("{9A19103F-16F7-4668-BE54-9A1E7A4F7556}") = "Common Graph", "Sources\Common Graph\Common Graph.csproj", "{273949C5-24AA-42CE-923A-E1E4FF007332}"
EndProject
Project("{9A19103F-16F7-4668-BE54-9A1E7A4F7556}") = "Common_PMG", "Sources\Common_PMG\Common_PMG.csproj", "{F8708B31-DC01-433F-ABA4-7D53D11E3344}"
EndProject
Global
	GlobalSection(SolutionConfigurationPlatforms) = preSolution
		Debug x64|Any CPU = Debug x64|Any CPU
		Debug x64|x64 = Debug x64|x64
		Debug x64|x86 = Debug x64|x86
		Debug|Any CPU = Debug|Any CPU
		Debug|x64 = Debug|x64
		Debug|x86 = Debug|x86
		Deploy|Any CPU = Deploy|Any CPU
		Deploy|x64 = Deploy|x64
		Deploy|x86 = Deploy|x86
		Release x64|Any CPU = Release x64|Any CPU
		Release x64|x64 = Release x64|x64
		Release x64|x86 = Release x64|x86
		Release|Any CPU = Release|Any CPU
		Release|x64 = Release|x64
		Release|x86 = Release|x86
	EndGlobalSection
	GlobalSection(ProjectConfigurationPlatforms) = postSolution
		{3BAFED69-C3DA-4366-AA4D-95D829139175}.Debug x64|Any CPU.ActiveCfg = Debug|Any CPU
		{3BAFED69-C3DA-4366-AA4D-95D829139175}.Debug x64|Any CPU.Build.0 = Debug|Any CPU
		{3BAFED69-C3DA-4366-AA4D-95D829139175}.Debug x64|x64.ActiveCfg = Debug|Any CPU
		{3BAFED69-C3DA-4366-AA4D-95D829139175}.Debug x64|x64.Build.0 = Debug|Any CPU
		{3BAFED69-C3DA-4366-AA4D-95D829139175}.Debug x64|x86.ActiveCfg = Debug|Any CPU
		{3BAFED69-C3DA-4366-AA4D-95D829139175}.Debug x64|x86.Build.0 = Debug|Any CPU
		{3BAFED69-C3DA-4366-AA4D-95D829139175}.Debug|Any CPU.ActiveCfg = Debug|Any CPU
		{3BAFED69-C3DA-4366-AA4D-95D829139175}.Debug|Any CPU.Build.0 = Debug|Any CPU
		{3BAFED69-C3DA-4366-AA4D-95D829139175}.Debug|x64.ActiveCfg = Debug|Any CPU
		{3BAFED69-C3DA-4366-AA4D-95D829139175}.Debug|x64.Build.0 = Debug|Any CPU
		{3BAFED69-C3DA-4366-AA4D-95D829139175}.Debug|x86.ActiveCfg = Debug|Any CPU
		{3BAFED69-C3DA-4366-AA4D-95D829139175}.Debug|x86.Build.0 = Debug|Any CPU
		{3BAFED69-C3DA-4366-AA4D-95D829139175}.Deploy|Any CPU.ActiveCfg = Debug|Any CPU
		{3BAFED69-C3DA-4366-AA4D-95D829139175}.Deploy|Any CPU.Build.0 = Debug|Any CPU
		{3BAFED69-C3DA-4366-AA4D-95D829139175}.Deploy|x64.ActiveCfg = Debug|Any CPU
		{3BAFED69-C3DA-4366-AA4D-95D829139175}.Deploy|x64.Build.0 = Debug|Any CPU
		{3BAFED69-C3DA-4366-AA4D-95D829139175}.Deploy|x86.ActiveCfg = Debug|Any CPU
		{3BAFED69-C3DA-4366-AA4D-95D829139175}.Deploy|x86.Build.0 = Debug|Any CPU
		{3BAFED69-C3DA-4366-AA4D-95D829139175}.Release x64|Any CPU.ActiveCfg = Release|Any CPU
		{3BAFED69-C3DA-4366-AA4D-95D829139175}.Release x64|Any CPU.Build.0 = Release|Any CPU
		{3BAFED69-C3DA-4366-AA4D-95D829139175}.Release x64|x64.ActiveCfg = Release|Any CPU
		{3BAFED69-C3DA-4366-AA4D-95D829139175}.Release x64|x64.Build.0 = Release|Any CPU
		{3BAFED69-C3DA-4366-AA4D-95D829139175}.Release x64|x86.ActiveCfg = Release|Any CPU
		{3BAFED69-C3DA-4366-AA4D-95D829139175}.Release x64|x86.Build.0 = Release|Any CPU
		{3BAFED69-C3DA-4366-AA4D-95D829139175}.Release|Any CPU.ActiveCfg = Release|Any CPU
		{3BAFED69-C3DA-4366-AA4D-95D829139175}.Release|Any CPU.Build.0 = Release|Any CPU
		{3BAFED69-C3DA-4366-AA4D-95D829139175}.Release|x64.ActiveCfg = Release|Any CPU
		{3BAFED69-C3DA-4366-AA4D-95D829139175}.Release|x64.Build.0 = Release|Any CPU
		{3BAFED69-C3DA-4366-AA4D-95D829139175}.Release|x86.ActiveCfg = Release|Any CPU
		{3BAFED69-C3DA-4366-AA4D-95D829139175}.Release|x86.Build.0 = Release|Any CPU
		{C097F528-81F2-40E4-9D93-F49422D20B35}.Debug x64|Any CPU.ActiveCfg = Debug|Any CPU
		{C097F528-81F2-40E4-9D93-F49422D20B35}.Debug x64|Any CPU.Build.0 = Debug|Any CPU
		{C097F528-81F2-40E4-9D93-F49422D20B35}.Debug x64|x64.ActiveCfg = Debug|Any CPU
		{C097F528-81F2-40E4-9D93-F49422D20B35}.Debug x64|x64.Build.0 = Debug|Any CPU
		{C097F528-81F2-40E4-9D93-F49422D20B35}.Debug x64|x86.ActiveCfg = Debug|Any CPU
		{C097F528-81F2-40E4-9D93-F49422D20B35}.Debug x64|x86.Build.0 = Debug|Any CPU
		{C097F528-81F2-40E4-9D93-F49422D20B35}.Debug|Any CPU.ActiveCfg = Debug|Any CPU
		{C097F528-81F2-40E4-9D93-F49422D20B35}.Debug|Any CPU.Build.0 = Debug|Any CPU
		{C097F528-81F2-40E4-9D93-F49422D20B35}.Debug|x64.ActiveCfg = Debug|Any CPU
		{C097F528-81F2-40E4-9D93-F49422D20B35}.Debug|x64.Build.0 = Debug|Any CPU
		{C097F528-81F2-40E4-9D93-F49422D20B35}.Debug|x86.ActiveCfg = Debug|Any CPU
		{C097F528-81F2-40E4-9D93-F49422D20B35}.Debug|x86.Build.0 = Debug|Any CPU
		{C097F528-81F2-40E4-9D93-F49422D20B35}.Deploy|Any CPU.ActiveCfg = Debug|Any CPU
		{C097F528-81F2-40E4-9D93-F49422D20B35}.Deploy|Any CPU.Build.0 = Debug|Any CPU
		{C097F528-81F2-40E4-9D93-F49422D20B35}.Deploy|x64.ActiveCfg = Debug|Any CPU
		{C097F528-81F2-40E4-9D93-F49422D20B35}.Deploy|x64.Build.0 = Debug|Any CPU
		{C097F528-81F2-40E4-9D93-F49422D20B35}.Deploy|x86.ActiveCfg = Debug|Any CPU
		{C097F528-81F2-40E4-9D93-F49422D20B35}.Deploy|x86.Build.0 = Debug|Any CPU
		{C097F528-81F2-40E4-9D93-F49422D20B35}.Release x64|Any CPU.ActiveCfg = Release|Any CPU
		{C097F528-81F2-40E4-9D93-F49422D20B35}.Release x64|Any CPU.Build.0 = Release|Any CPU
		{C097F528-81F2-40E4-9D93-F49422D20B35}.Release x64|x64.ActiveCfg = Release|Any CPU
		{C097F528-81F2-40E4-9D93-F49422D20B35}.Release x64|x64.Build.0 = Release|Any CPU
		{C097F528-81F2-40E4-9D93-F49422D20B35}.Release x64|x86.ActiveCfg = Release|Any CPU
		{C097F528-81F2-40E4-9D93-F49422D20B35}.Release x64|x86.Build.0 = Release|Any CPU
		{C097F528-81F2-40E4-9D93-F49422D20B35}.Release|Any CPU.ActiveCfg = Release|Any CPU
		{C097F528-81F2-40E4-9D93-F49422D20B35}.Release|Any CPU.Build.0 = Release|Any CPU
		{C097F528-81F2-40E4-9D93-F49422D20B35}.Release|x64.ActiveCfg = Release|Any CPU
		{C097F528-81F2-40E4-9D93-F49422D20B35}.Release|x64.Build.0 = Release|Any CPU
		{C097F528-81F2-40E4-9D93-F49422D20B35}.Release|x86.ActiveCfg = Release|Any CPU
		{C097F528-81F2-40E4-9D93-F49422D20B35}.Release|x86.Build.0 = Release|Any CPU
		{EC24B5F2-CCE6-42CC-BC31-D7B9D3356FB5}.Debug x64|Any CPU.ActiveCfg = Debug|Any CPU
		{EC24B5F2-CCE6-42CC-BC31-D7B9D3356FB5}.Debug x64|Any CPU.Build.0 = Debug|Any CPU
		{EC24B5F2-CCE6-42CC-BC31-D7B9D3356FB5}.Debug x64|x64.ActiveCfg = Debug|Any CPU
		{EC24B5F2-CCE6-42CC-BC31-D7B9D3356FB5}.Debug x64|x64.Build.0 = Debug|Any CPU
		{EC24B5F2-CCE6-42CC-BC31-D7B9D3356FB5}.Debug x64|x86.ActiveCfg = Debug|Any CPU
		{EC24B5F2-CCE6-42CC-BC31-D7B9D3356FB5}.Debug x64|x86.Build.0 = Debug|Any CPU
		{EC24B5F2-CCE6-42CC-BC31-D7B9D3356FB5}.Debug|Any CPU.ActiveCfg = Debug|Any CPU
		{EC24B5F2-CCE6-42CC-BC31-D7B9D3356FB5}.Debug|Any CPU.Build.0 = Debug|Any CPU
		{EC24B5F2-CCE6-42CC-BC31-D7B9D3356FB5}.Debug|x64.ActiveCfg = Debug|Any CPU
		{EC24B5F2-CCE6-42CC-BC31-D7B9D3356FB5}.Debug|x64.Build.0 = Debug|Any CPU
		{EC24B5F2-CCE6-42CC-BC31-D7B9D3356FB5}.Debug|x86.ActiveCfg = Debug|Any CPU
		{EC24B5F2-CCE6-42CC-BC31-D7B9D3356FB5}.Debug|x86.Build.0 = Debug|Any CPU
		{EC24B5F2-CCE6-42CC-BC31-D7B9D3356FB5}.Deploy|Any CPU.ActiveCfg = Debug|Any CPU
		{EC24B5F2-CCE6-42CC-BC31-D7B9D3356FB5}.Deploy|Any CPU.Build.0 = Debug|Any CPU
		{EC24B5F2-CCE6-42CC-BC31-D7B9D3356FB5}.Deploy|x64.ActiveCfg = Debug|Any CPU
		{EC24B5F2-CCE6-42CC-BC31-D7B9D3356FB5}.Deploy|x64.Build.0 = Debug|Any CPU
		{EC24B5F2-CCE6-42CC-BC31-D7B9D3356FB5}.Deploy|x86.ActiveCfg = Debug|Any CPU
		{EC24B5F2-CCE6-42CC-BC31-D7B9D3356FB5}.Deploy|x86.Build.0 = Debug|Any CPU
		{EC24B5F2-CCE6-42CC-BC31-D7B9D3356FB5}.Release x64|Any CPU.ActiveCfg = Release|Any CPU
		{EC24B5F2-CCE6-42CC-BC31-D7B9D3356FB5}.Release x64|Any CPU.Build.0 = Release|Any CPU
		{EC24B5F2-CCE6-42CC-BC31-D7B9D3356FB5}.Release x64|x64.ActiveCfg = Release|Any CPU
		{EC24B5F2-CCE6-42CC-BC31-D7B9D3356FB5}.Release x64|x64.Build.0 = Release|Any CPU
		{EC24B5F2-CCE6-42CC-BC31-D7B9D3356FB5}.Release x64|x86.ActiveCfg = Release|Any CPU
		{EC24B5F2-CCE6-42CC-BC31-D7B9D3356FB5}.Release x64|x86.Build.0 = Release|Any CPU
		{EC24B5F2-CCE6-42CC-BC31-D7B9D3356FB5}.Release|Any CPU.ActiveCfg = Release|Any CPU
		{EC24B5F2-CCE6-42CC-BC31-D7B9D3356FB5}.Release|Any CPU.Build.0 = Release|Any CPU
		{EC24B5F2-CCE6-42CC-BC31-D7B9D3356FB5}.Release|x64.ActiveCfg = Release|Any CPU
		{EC24B5F2-CCE6-42CC-BC31-D7B9D3356FB5}.Release|x64.Build.0 = Release|Any CPU
		{EC24B5F2-CCE6-42CC-BC31-D7B9D3356FB5}.Release|x86.ActiveCfg = Release|Any CPU
		{EC24B5F2-CCE6-42CC-BC31-D7B9D3356FB5}.Release|x86.Build.0 = Release|Any CPU
		{C78ED0F7-00D8-4F0F-814C-EFAE435C67FB}.Debug x64|Any CPU.ActiveCfg = Debug|Any CPU
		{C78ED0F7-00D8-4F0F-814C-EFAE435C67FB}.Debug x64|Any CPU.Build.0 = Debug|Any CPU
		{C78ED0F7-00D8-4F0F-814C-EFAE435C67FB}.Debug x64|x64.ActiveCfg = Debug|Any CPU
		{C78ED0F7-00D8-4F0F-814C-EFAE435C67FB}.Debug x64|x64.Build.0 = Debug|Any CPU
		{C78ED0F7-00D8-4F0F-814C-EFAE435C67FB}.Debug x64|x86.ActiveCfg = Debug|Any CPU
		{C78ED0F7-00D8-4F0F-814C-EFAE435C67FB}.Debug x64|x86.Build.0 = Debug|Any CPU
		{C78ED0F7-00D8-4F0F-814C-EFAE435C67FB}.Debug|Any CPU.ActiveCfg = Debug|Any CPU
		{C78ED0F7-00D8-4F0F-814C-EFAE435C67FB}.Debug|Any CPU.Build.0 = Debug|Any CPU
		{C78ED0F7-00D8-4F0F-814C-EFAE435C67FB}.Debug|x64.ActiveCfg = Debug|Any CPU
		{C78ED0F7-00D8-4F0F-814C-EFAE435C67FB}.Debug|x64.Build.0 = Debug|Any CPU
		{C78ED0F7-00D8-4F0F-814C-EFAE435C67FB}.Debug|x86.ActiveCfg = Debug|Any CPU
		{C78ED0F7-00D8-4F0F-814C-EFAE435C67FB}.Debug|x86.Build.0 = Debug|Any CPU
		{C78ED0F7-00D8-4F0F-814C-EFAE435C67FB}.Deploy|Any CPU.ActiveCfg = Debug|Any CPU
		{C78ED0F7-00D8-4F0F-814C-EFAE435C67FB}.Deploy|Any CPU.Build.0 = Debug|Any CPU
		{C78ED0F7-00D8-4F0F-814C-EFAE435C67FB}.Deploy|x64.ActiveCfg = Debug|Any CPU
		{C78ED0F7-00D8-4F0F-814C-EFAE435C67FB}.Deploy|x64.Build.0 = Debug|Any CPU
		{C78ED0F7-00D8-4F0F-814C-EFAE435C67FB}.Deploy|x86.ActiveCfg = Debug|Any CPU
		{C78ED0F7-00D8-4F0F-814C-EFAE435C67FB}.Deploy|x86.Build.0 = Debug|Any CPU
		{C78ED0F7-00D8-4F0F-814C-EFAE435C67FB}.Release x64|Any CPU.ActiveCfg = Release|Any CPU
		{C78ED0F7-00D8-4F0F-814C-EFAE435C67FB}.Release x64|Any CPU.Build.0 = Release|Any CPU
		{C78ED0F7-00D8-4F0F-814C-EFAE435C67FB}.Release x64|x64.ActiveCfg = Release|Any CPU
		{C78ED0F7-00D8-4F0F-814C-EFAE435C67FB}.Release x64|x64.Build.0 = Release|Any CPU
		{C78ED0F7-00D8-4F0F-814C-EFAE435C67FB}.Release x64|x86.ActiveCfg = Release|Any CPU
		{C78ED0F7-00D8-4F0F-814C-EFAE435C67FB}.Release x64|x86.Build.0 = Release|Any CPU
		{C78ED0F7-00D8-4F0F-814C-EFAE435C67FB}.Release|Any CPU.ActiveCfg = Release|Any CPU
		{C78ED0F7-00D8-4F0F-814C-EFAE435C67FB}.Release|Any CPU.Build.0 = Release|Any CPU
		{C78ED0F7-00D8-4F0F-814C-EFAE435C67FB}.Release|x64.ActiveCfg = Release|Any CPU
		{C78ED0F7-00D8-4F0F-814C-EFAE435C67FB}.Release|x64.Build.0 = Release|Any CPU
		{C78ED0F7-00D8-4F0F-814C-EFAE435C67FB}.Release|x86.ActiveCfg = Release|Any CPU
		{C78ED0F7-00D8-4F0F-814C-EFAE435C67FB}.Release|x86.Build.0 = Release|Any CPU
		{4960DD14-3431-47EC-B9D9-9D2730A98DC3}.Debug x64|Any CPU.ActiveCfg = Debug|Any CPU
		{4960DD14-3431-47EC-B9D9-9D2730A98DC3}.Debug x64|Any CPU.Build.0 = Debug|Any CPU
		{4960DD14-3431-47EC-B9D9-9D2730A98DC3}.Debug x64|x64.ActiveCfg = Debug|Any CPU
		{4960DD14-3431-47EC-B9D9-9D2730A98DC3}.Debug x64|x64.Build.0 = Debug|Any CPU
		{4960DD14-3431-47EC-B9D9-9D2730A98DC3}.Debug x64|x86.ActiveCfg = Debug|Any CPU
		{4960DD14-3431-47EC-B9D9-9D2730A98DC3}.Debug x64|x86.Build.0 = Debug|Any CPU
		{4960DD14-3431-47EC-B9D9-9D2730A98DC3}.Debug|Any CPU.ActiveCfg = Debug|Any CPU
		{4960DD14-3431-47EC-B9D9-9D2730A98DC3}.Debug|Any CPU.Build.0 = Debug|Any CPU
		{4960DD14-3431-47EC-B9D9-9D2730A98DC3}.Debug|x64.ActiveCfg = Debug|Any CPU
		{4960DD14-3431-47EC-B9D9-9D2730A98DC3}.Debug|x64.Build.0 = Debug|Any CPU
		{4960DD14-3431-47EC-B9D9-9D2730A98DC3}.Debug|x86.ActiveCfg = Debug|Any CPU
		{4960DD14-3431-47EC-B9D9-9D2730A98DC3}.Debug|x86.Build.0 = Debug|Any CPU
		{4960DD14-3431-47EC-B9D9-9D2730A98DC3}.Deploy|Any CPU.ActiveCfg = Deploy|Any CPU
		{4960DD14-3431-47EC-B9D9-9D2730A98DC3}.Deploy|Any CPU.Build.0 = Deploy|Any CPU
		{4960DD14-3431-47EC-B9D9-9D2730A98DC3}.Deploy|x64.ActiveCfg = Deploy|Any CPU
		{4960DD14-3431-47EC-B9D9-9D2730A98DC3}.Deploy|x64.Build.0 = Deploy|Any CPU
		{4960DD14-3431-47EC-B9D9-9D2730A98DC3}.Deploy|x86.ActiveCfg = Deploy|Any CPU
		{4960DD14-3431-47EC-B9D9-9D2730A98DC3}.Deploy|x86.Build.0 = Deploy|Any CPU
		{4960DD14-3431-47EC-B9D9-9D2730A98DC3}.Release x64|Any CPU.ActiveCfg = Release|Any CPU
		{4960DD14-3431-47EC-B9D9-9D2730A98DC3}.Release x64|Any CPU.Build.0 = Release|Any CPU
		{4960DD14-3431-47EC-B9D9-9D2730A98DC3}.Release x64|x64.ActiveCfg = Release|Any CPU
		{4960DD14-3431-47EC-B9D9-9D2730A98DC3}.Release x64|x64.Build.0 = Release|Any CPU
		{4960DD14-3431-47EC-B9D9-9D2730A98DC3}.Release x64|x86.ActiveCfg = Release|Any CPU
		{4960DD14-3431-47EC-B9D9-9D2730A98DC3}.Release x64|x86.Build.0 = Release|Any CPU
		{4960DD14-3431-47EC-B9D9-9D2730A98DC3}.Release|Any CPU.ActiveCfg = Release|Any CPU
		{4960DD14-3431-47EC-B9D9-9D2730A98DC3}.Release|Any CPU.Build.0 = Release|Any CPU
		{4960DD14-3431-47EC-B9D9-9D2730A98DC3}.Release|x64.ActiveCfg = Release|Any CPU
		{4960DD14-3431-47EC-B9D9-9D2730A98DC3}.Release|x64.Build.0 = Release|Any CPU
		{4960DD14-3431-47EC-B9D9-9D2730A98DC3}.Release|x86.ActiveCfg = Release|Any CPU
		{4960DD14-3431-47EC-B9D9-9D2730A98DC3}.Release|x86.Build.0 = Release|Any CPU
		{2531F073-9395-4135-9859-9C7034A345A0}.Debug x64|Any CPU.ActiveCfg = Debug|Any CPU
		{2531F073-9395-4135-9859-9C7034A345A0}.Debug x64|Any CPU.Build.0 = Debug|Any CPU
		{2531F073-9395-4135-9859-9C7034A345A0}.Debug x64|x64.ActiveCfg = Debug|Any CPU
		{2531F073-9395-4135-9859-9C7034A345A0}.Debug x64|x64.Build.0 = Debug|Any CPU
		{2531F073-9395-4135-9859-9C7034A345A0}.Debug x64|x86.ActiveCfg = Debug|Any CPU
		{2531F073-9395-4135-9859-9C7034A345A0}.Debug x64|x86.Build.0 = Debug|Any CPU
		{2531F073-9395-4135-9859-9C7034A345A0}.Debug|Any CPU.ActiveCfg = Debug|Any CPU
		{2531F073-9395-4135-9859-9C7034A345A0}.Debug|Any CPU.Build.0 = Debug|Any CPU
		{2531F073-9395-4135-9859-9C7034A345A0}.Debug|x64.ActiveCfg = Debug|Any CPU
		{2531F073-9395-4135-9859-9C7034A345A0}.Debug|x64.Build.0 = Debug|Any CPU
		{2531F073-9395-4135-9859-9C7034A345A0}.Debug|x86.ActiveCfg = Debug|Any CPU
		{2531F073-9395-4135-9859-9C7034A345A0}.Debug|x86.Build.0 = Debug|Any CPU
		{2531F073-9395-4135-9859-9C7034A345A0}.Deploy|Any CPU.ActiveCfg = Debug|Any CPU
		{2531F073-9395-4135-9859-9C7034A345A0}.Deploy|Any CPU.Build.0 = Debug|Any CPU
		{2531F073-9395-4135-9859-9C7034A345A0}.Deploy|x64.ActiveCfg = Debug|Any CPU
		{2531F073-9395-4135-9859-9C7034A345A0}.Deploy|x64.Build.0 = Debug|Any CPU
		{2531F073-9395-4135-9859-9C7034A345A0}.Deploy|x86.ActiveCfg = Debug|Any CPU
		{2531F073-9395-4135-9859-9C7034A345A0}.Deploy|x86.Build.0 = Debug|Any CPU
		{2531F073-9395-4135-9859-9C7034A345A0}.Release x64|Any CPU.ActiveCfg = Release|Any CPU
		{2531F073-9395-4135-9859-9C7034A345A0}.Release x64|Any CPU.Build.0 = Release|Any CPU
		{2531F073-9395-4135-9859-9C7034A345A0}.Release x64|x64.ActiveCfg = Release|Any CPU
		{2531F073-9395-4135-9859-9C7034A345A0}.Release x64|x64.Build.0 = Release|Any CPU
		{2531F073-9395-4135-9859-9C7034A345A0}.Release x64|x86.ActiveCfg = Release|Any CPU
		{2531F073-9395-4135-9859-9C7034A345A0}.Release x64|x86.Build.0 = Release|Any CPU
		{2531F073-9395-4135-9859-9C7034A345A0}.Release|Any CPU.ActiveCfg = Release|Any CPU
		{2531F073-9395-4135-9859-9C7034A345A0}.Release|Any CPU.Build.0 = Release|Any CPU
		{2531F073-9395-4135-9859-9C7034A345A0}.Release|x64.ActiveCfg = Release|Any CPU
		{2531F073-9395-4135-9859-9C7034A345A0}.Release|x64.Build.0 = Release|Any CPU
		{2531F073-9395-4135-9859-9C7034A345A0}.Release|x86.ActiveCfg = Release|Any CPU
		{2531F073-9395-4135-9859-9C7034A345A0}.Release|x86.Build.0 = Release|Any CPU
		{D66DF0E3-4B3A-40E3-8EDD-21789FD3A136}.Debug x64|Any CPU.ActiveCfg = Debug|Any CPU
		{D66DF0E3-4B3A-40E3-8EDD-21789FD3A136}.Debug x64|Any CPU.Build.0 = Debug|Any CPU
		{D66DF0E3-4B3A-40E3-8EDD-21789FD3A136}.Debug x64|x64.ActiveCfg = Debug|Any CPU
		{D66DF0E3-4B3A-40E3-8EDD-21789FD3A136}.Debug x64|x64.Build.0 = Debug|Any CPU
		{D66DF0E3-4B3A-40E3-8EDD-21789FD3A136}.Debug x64|x86.ActiveCfg = Debug|Any CPU
		{D66DF0E3-4B3A-40E3-8EDD-21789FD3A136}.Debug x64|x86.Build.0 = Debug|Any CPU
		{D66DF0E3-4B3A-40E3-8EDD-21789FD3A136}.Debug|Any CPU.ActiveCfg = Debug|Any CPU
		{D66DF0E3-4B3A-40E3-8EDD-21789FD3A136}.Debug|Any CPU.Build.0 = Debug|Any CPU
		{D66DF0E3-4B3A-40E3-8EDD-21789FD3A136}.Debug|x64.ActiveCfg = Debug|Any CPU
		{D66DF0E3-4B3A-40E3-8EDD-21789FD3A136}.Debug|x64.Build.0 = Debug|Any CPU
		{D66DF0E3-4B3A-40E3-8EDD-21789FD3A136}.Debug|x86.ActiveCfg = Debug|Any CPU
		{D66DF0E3-4B3A-40E3-8EDD-21789FD3A136}.Debug|x86.Build.0 = Debug|Any CPU
		{D66DF0E3-4B3A-40E3-8EDD-21789FD3A136}.Deploy|Any CPU.ActiveCfg = Debug|Any CPU
		{D66DF0E3-4B3A-40E3-8EDD-21789FD3A136}.Deploy|Any CPU.Build.0 = Debug|Any CPU
		{D66DF0E3-4B3A-40E3-8EDD-21789FD3A136}.Deploy|x64.ActiveCfg = Debug|Any CPU
		{D66DF0E3-4B3A-40E3-8EDD-21789FD3A136}.Deploy|x64.Build.0 = Debug|Any CPU
		{D66DF0E3-4B3A-40E3-8EDD-21789FD3A136}.Deploy|x86.ActiveCfg = Debug|Any CPU
		{D66DF0E3-4B3A-40E3-8EDD-21789FD3A136}.Deploy|x86.Build.0 = Debug|Any CPU
		{D66DF0E3-4B3A-40E3-8EDD-21789FD3A136}.Release x64|Any CPU.ActiveCfg = Release|Any CPU
		{D66DF0E3-4B3A-40E3-8EDD-21789FD3A136}.Release x64|Any CPU.Build.0 = Release|Any CPU
		{D66DF0E3-4B3A-40E3-8EDD-21789FD3A136}.Release x64|x64.ActiveCfg = Release|Any CPU
		{D66DF0E3-4B3A-40E3-8EDD-21789FD3A136}.Release x64|x64.Build.0 = Release|Any CPU
		{D66DF0E3-4B3A-40E3-8EDD-21789FD3A136}.Release x64|x86.ActiveCfg = Release|Any CPU
		{D66DF0E3-4B3A-40E3-8EDD-21789FD3A136}.Release x64|x86.Build.0 = Release|Any CPU
		{D66DF0E3-4B3A-40E3-8EDD-21789FD3A136}.Release|Any CPU.ActiveCfg = Release|Any CPU
		{D66DF0E3-4B3A-40E3-8EDD-21789FD3A136}.Release|Any CPU.Build.0 = Release|Any CPU
		{D66DF0E3-4B3A-40E3-8EDD-21789FD3A136}.Release|x64.ActiveCfg = Release|Any CPU
		{D66DF0E3-4B3A-40E3-8EDD-21789FD3A136}.Release|x64.Build.0 = Release|Any CPU
		{D66DF0E3-4B3A-40E3-8EDD-21789FD3A136}.Release|x86.ActiveCfg = Release|Any CPU
		{D66DF0E3-4B3A-40E3-8EDD-21789FD3A136}.Release|x86.Build.0 = Release|Any CPU
		{D433975E-330C-4644-AF86-379C0749E8D3}.Debug x64|Any CPU.ActiveCfg = Debug|Any CPU
		{D433975E-330C-4644-AF86-379C0749E8D3}.Debug x64|Any CPU.Build.0 = Debug|Any CPU
		{D433975E-330C-4644-AF86-379C0749E8D3}.Debug x64|x64.ActiveCfg = Debug|Any CPU
		{D433975E-330C-4644-AF86-379C0749E8D3}.Debug x64|x64.Build.0 = Debug|Any CPU
		{D433975E-330C-4644-AF86-379C0749E8D3}.Debug x64|x86.ActiveCfg = Debug|Any CPU
		{D433975E-330C-4644-AF86-379C0749E8D3}.Debug x64|x86.Build.0 = Debug|Any CPU
		{D433975E-330C-4644-AF86-379C0749E8D3}.Debug|Any CPU.ActiveCfg = Debug|Any CPU
		{D433975E-330C-4644-AF86-379C0749E8D3}.Debug|Any CPU.Build.0 = Debug|Any CPU
		{D433975E-330C-4644-AF86-379C0749E8D3}.Debug|x64.ActiveCfg = Debug|Any CPU
		{D433975E-330C-4644-AF86-379C0749E8D3}.Debug|x64.Build.0 = Debug|Any CPU
		{D433975E-330C-4644-AF86-379C0749E8D3}.Debug|x86.ActiveCfg = Debug|Any CPU
		{D433975E-330C-4644-AF86-379C0749E8D3}.Debug|x86.Build.0 = Debug|Any CPU
		{D433975E-330C-4644-AF86-379C0749E8D3}.Deploy|Any CPU.ActiveCfg = Debug|Any CPU
		{D433975E-330C-4644-AF86-379C0749E8D3}.Deploy|Any CPU.Build.0 = Debug|Any CPU
		{D433975E-330C-4644-AF86-379C0749E8D3}.Deploy|x64.ActiveCfg = Debug|Any CPU
		{D433975E-330C-4644-AF86-379C0749E8D3}.Deploy|x64.Build.0 = Debug|Any CPU
		{D433975E-330C-4644-AF86-379C0749E8D3}.Deploy|x86.ActiveCfg = Debug|Any CPU
		{D433975E-330C-4644-AF86-379C0749E8D3}.Deploy|x86.Build.0 = Debug|Any CPU
		{D433975E-330C-4644-AF86-379C0749E8D3}.Release x64|Any CPU.ActiveCfg = Release|Any CPU
		{D433975E-330C-4644-AF86-379C0749E8D3}.Release x64|Any CPU.Build.0 = Release|Any CPU
		{D433975E-330C-4644-AF86-379C0749E8D3}.Release x64|x64.ActiveCfg = Release|Any CPU
		{D433975E-330C-4644-AF86-379C0749E8D3}.Release x64|x64.Build.0 = Release|Any CPU
		{D433975E-330C-4644-AF86-379C0749E8D3}.Release x64|x86.ActiveCfg = Release|Any CPU
		{D433975E-330C-4644-AF86-379C0749E8D3}.Release x64|x86.Build.0 = Release|Any CPU
		{D433975E-330C-4644-AF86-379C0749E8D3}.Release|Any CPU.ActiveCfg = Release|Any CPU
		{D433975E-330C-4644-AF86-379C0749E8D3}.Release|Any CPU.Build.0 = Release|Any CPU
		{D433975E-330C-4644-AF86-379C0749E8D3}.Release|x64.ActiveCfg = Release|Any CPU
		{D433975E-330C-4644-AF86-379C0749E8D3}.Release|x64.Build.0 = Release|Any CPU
		{D433975E-330C-4644-AF86-379C0749E8D3}.Release|x86.ActiveCfg = Release|Any CPU
		{D433975E-330C-4644-AF86-379C0749E8D3}.Release|x86.Build.0 = Release|Any CPU
		{020259F5-BB1B-4C64-9B3E-0DD75EEC771B}.Debug x64|Any CPU.ActiveCfg = Debug|Any CPU
		{020259F5-BB1B-4C64-9B3E-0DD75EEC771B}.Debug x64|Any CPU.Build.0 = Debug|Any CPU
		{020259F5-BB1B-4C64-9B3E-0DD75EEC771B}.Debug x64|x64.ActiveCfg = Debug|Any CPU
		{020259F5-BB1B-4C64-9B3E-0DD75EEC771B}.Debug x64|x64.Build.0 = Debug|Any CPU
		{020259F5-BB1B-4C64-9B3E-0DD75EEC771B}.Debug x64|x86.ActiveCfg = Debug|Any CPU
		{020259F5-BB1B-4C64-9B3E-0DD75EEC771B}.Debug x64|x86.Build.0 = Debug|Any CPU
		{020259F5-BB1B-4C64-9B3E-0DD75EEC771B}.Debug|Any CPU.ActiveCfg = Debug|Any CPU
		{020259F5-BB1B-4C64-9B3E-0DD75EEC771B}.Debug|Any CPU.Build.0 = Debug|Any CPU
		{020259F5-BB1B-4C64-9B3E-0DD75EEC771B}.Debug|x64.ActiveCfg = Debug|Any CPU
		{020259F5-BB1B-4C64-9B3E-0DD75EEC771B}.Debug|x64.Build.0 = Debug|Any CPU
		{020259F5-BB1B-4C64-9B3E-0DD75EEC771B}.Debug|x86.ActiveCfg = Debug|Any CPU
		{020259F5-BB1B-4C64-9B3E-0DD75EEC771B}.Debug|x86.Build.0 = Debug|Any CPU
		{020259F5-BB1B-4C64-9B3E-0DD75EEC771B}.Deploy|Any CPU.ActiveCfg = Debug|Any CPU
		{020259F5-BB1B-4C64-9B3E-0DD75EEC771B}.Deploy|Any CPU.Build.0 = Debug|Any CPU
		{020259F5-BB1B-4C64-9B3E-0DD75EEC771B}.Deploy|x64.ActiveCfg = Debug|Any CPU
		{020259F5-BB1B-4C64-9B3E-0DD75EEC771B}.Deploy|x64.Build.0 = Debug|Any CPU
		{020259F5-BB1B-4C64-9B3E-0DD75EEC771B}.Deploy|x86.ActiveCfg = Debug|Any CPU
		{020259F5-BB1B-4C64-9B3E-0DD75EEC771B}.Deploy|x86.Build.0 = Debug|Any CPU
		{020259F5-BB1B-4C64-9B3E-0DD75EEC771B}.Release x64|Any CPU.ActiveCfg = Release|Any CPU
		{020259F5-BB1B-4C64-9B3E-0DD75EEC771B}.Release x64|Any CPU.Build.0 = Release|Any CPU
		{020259F5-BB1B-4C64-9B3E-0DD75EEC771B}.Release x64|x64.ActiveCfg = Release|Any CPU
		{020259F5-BB1B-4C64-9B3E-0DD75EEC771B}.Release x64|x64.Build.0 = Release|Any CPU
		{020259F5-BB1B-4C64-9B3E-0DD75EEC771B}.Release x64|x86.ActiveCfg = Release|Any CPU
		{020259F5-BB1B-4C64-9B3E-0DD75EEC771B}.Release x64|x86.Build.0 = Release|Any CPU
		{020259F5-BB1B-4C64-9B3E-0DD75EEC771B}.Release|Any CPU.ActiveCfg = Release|Any CPU
		{020259F5-BB1B-4C64-9B3E-0DD75EEC771B}.Release|Any CPU.Build.0 = Release|Any CPU
		{020259F5-BB1B-4C64-9B3E-0DD75EEC771B}.Release|x64.ActiveCfg = Release|Any CPU
		{020259F5-BB1B-4C64-9B3E-0DD75EEC771B}.Release|x64.Build.0 = Release|Any CPU
		{020259F5-BB1B-4C64-9B3E-0DD75EEC771B}.Release|x86.ActiveCfg = Release|Any CPU
		{020259F5-BB1B-4C64-9B3E-0DD75EEC771B}.Release|x86.Build.0 = Release|Any CPU
		{CF0F0767-B96B-499D-9638-E39F608169AD}.Debug x64|Any CPU.ActiveCfg = Debug|Any CPU
		{CF0F0767-B96B-499D-9638-E39F608169AD}.Debug x64|Any CPU.Build.0 = Debug|Any CPU
		{CF0F0767-B96B-499D-9638-E39F608169AD}.Debug x64|x64.ActiveCfg = Debug|Any CPU
		{CF0F0767-B96B-499D-9638-E39F608169AD}.Debug x64|x64.Build.0 = Debug|Any CPU
		{CF0F0767-B96B-499D-9638-E39F608169AD}.Debug x64|x86.ActiveCfg = Debug|Any CPU
		{CF0F0767-B96B-499D-9638-E39F608169AD}.Debug x64|x86.Build.0 = Debug|Any CPU
		{CF0F0767-B96B-499D-9638-E39F608169AD}.Debug|Any CPU.ActiveCfg = Debug|Any CPU
		{CF0F0767-B96B-499D-9638-E39F608169AD}.Debug|Any CPU.Build.0 = Debug|Any CPU
		{CF0F0767-B96B-499D-9638-E39F608169AD}.Debug|x64.ActiveCfg = Debug|Any CPU
		{CF0F0767-B96B-499D-9638-E39F608169AD}.Debug|x64.Build.0 = Debug|Any CPU
		{CF0F0767-B96B-499D-9638-E39F608169AD}.Debug|x86.ActiveCfg = Debug|Any CPU
		{CF0F0767-B96B-499D-9638-E39F608169AD}.Debug|x86.Build.0 = Debug|Any CPU
		{CF0F0767-B96B-499D-9638-E39F608169AD}.Deploy|Any CPU.ActiveCfg = Debug|Any CPU
		{CF0F0767-B96B-499D-9638-E39F608169AD}.Deploy|Any CPU.Build.0 = Debug|Any CPU
		{CF0F0767-B96B-499D-9638-E39F608169AD}.Deploy|x64.ActiveCfg = Debug|Any CPU
		{CF0F0767-B96B-499D-9638-E39F608169AD}.Deploy|x64.Build.0 = Debug|Any CPU
		{CF0F0767-B96B-499D-9638-E39F608169AD}.Deploy|x86.ActiveCfg = Debug|Any CPU
		{CF0F0767-B96B-499D-9638-E39F608169AD}.Deploy|x86.Build.0 = Debug|Any CPU
		{CF0F0767-B96B-499D-9638-E39F608169AD}.Release x64|Any CPU.ActiveCfg = Release|Any CPU
		{CF0F0767-B96B-499D-9638-E39F608169AD}.Release x64|Any CPU.Build.0 = Release|Any CPU
		{CF0F0767-B96B-499D-9638-E39F608169AD}.Release x64|x64.ActiveCfg = Release|Any CPU
		{CF0F0767-B96B-499D-9638-E39F608169AD}.Release x64|x64.Build.0 = Release|Any CPU
		{CF0F0767-B96B-499D-9638-E39F608169AD}.Release x64|x86.ActiveCfg = Release|Any CPU
		{CF0F0767-B96B-499D-9638-E39F608169AD}.Release x64|x86.Build.0 = Release|Any CPU
		{CF0F0767-B96B-499D-9638-E39F608169AD}.Release|Any CPU.ActiveCfg = Release|Any CPU
		{CF0F0767-B96B-499D-9638-E39F608169AD}.Release|Any CPU.Build.0 = Release|Any CPU
		{CF0F0767-B96B-499D-9638-E39F608169AD}.Release|x64.ActiveCfg = Release|Any CPU
		{CF0F0767-B96B-499D-9638-E39F608169AD}.Release|x64.Build.0 = Release|Any CPU
		{CF0F0767-B96B-499D-9638-E39F608169AD}.Release|x86.ActiveCfg = Release|Any CPU
		{CF0F0767-B96B-499D-9638-E39F608169AD}.Release|x86.Build.0 = Release|Any CPU
		{ED257D36-2C17-40DC-9924-867CF3F02AB1}.Debug x64|Any CPU.ActiveCfg = Debug|Any CPU
		{ED257D36-2C17-40DC-9924-867CF3F02AB1}.Debug x64|Any CPU.Build.0 = Debug|Any CPU
		{ED257D36-2C17-40DC-9924-867CF3F02AB1}.Debug x64|x64.ActiveCfg = Debug|Any CPU
		{ED257D36-2C17-40DC-9924-867CF3F02AB1}.Debug x64|x64.Build.0 = Debug|Any CPU
		{ED257D36-2C17-40DC-9924-867CF3F02AB1}.Debug x64|x86.ActiveCfg = Debug|Any CPU
		{ED257D36-2C17-40DC-9924-867CF3F02AB1}.Debug x64|x86.Build.0 = Debug|Any CPU
		{ED257D36-2C17-40DC-9924-867CF3F02AB1}.Debug|Any CPU.ActiveCfg = Debug|Any CPU
		{ED257D36-2C17-40DC-9924-867CF3F02AB1}.Debug|Any CPU.Build.0 = Debug|Any CPU
		{ED257D36-2C17-40DC-9924-867CF3F02AB1}.Debug|x64.ActiveCfg = Debug|Any CPU
		{ED257D36-2C17-40DC-9924-867CF3F02AB1}.Debug|x64.Build.0 = Debug|Any CPU
		{ED257D36-2C17-40DC-9924-867CF3F02AB1}.Debug|x86.ActiveCfg = Debug|Any CPU
		{ED257D36-2C17-40DC-9924-867CF3F02AB1}.Debug|x86.Build.0 = Debug|Any CPU
		{ED257D36-2C17-40DC-9924-867CF3F02AB1}.Deploy|Any CPU.ActiveCfg = Debug|Any CPU
		{ED257D36-2C17-40DC-9924-867CF3F02AB1}.Deploy|Any CPU.Build.0 = Debug|Any CPU
		{ED257D36-2C17-40DC-9924-867CF3F02AB1}.Deploy|x64.ActiveCfg = Debug|Any CPU
		{ED257D36-2C17-40DC-9924-867CF3F02AB1}.Deploy|x64.Build.0 = Debug|Any CPU
		{ED257D36-2C17-40DC-9924-867CF3F02AB1}.Deploy|x86.ActiveCfg = Debug|Any CPU
		{ED257D36-2C17-40DC-9924-867CF3F02AB1}.Deploy|x86.Build.0 = Debug|Any CPU
		{ED257D36-2C17-40DC-9924-867CF3F02AB1}.Release x64|Any CPU.ActiveCfg = Release|Any CPU
		{ED257D36-2C17-40DC-9924-867CF3F02AB1}.Release x64|Any CPU.Build.0 = Release|Any CPU
		{ED257D36-2C17-40DC-9924-867CF3F02AB1}.Release x64|x64.ActiveCfg = Release|Any CPU
		{ED257D36-2C17-40DC-9924-867CF3F02AB1}.Release x64|x64.Build.0 = Release|Any CPU
		{ED257D36-2C17-40DC-9924-867CF3F02AB1}.Release x64|x86.ActiveCfg = Release|Any CPU
		{ED257D36-2C17-40DC-9924-867CF3F02AB1}.Release x64|x86.Build.0 = Release|Any CPU
		{ED257D36-2C17-40DC-9924-867CF3F02AB1}.Release|Any CPU.ActiveCfg = Release|Any CPU
		{ED257D36-2C17-40DC-9924-867CF3F02AB1}.Release|Any CPU.Build.0 = Release|Any CPU
		{ED257D36-2C17-40DC-9924-867CF3F02AB1}.Release|x64.ActiveCfg = Release|Any CPU
		{ED257D36-2C17-40DC-9924-867CF3F02AB1}.Release|x64.Build.0 = Release|Any CPU
		{ED257D36-2C17-40DC-9924-867CF3F02AB1}.Release|x86.ActiveCfg = Release|Any CPU
		{ED257D36-2C17-40DC-9924-867CF3F02AB1}.Release|x86.Build.0 = Release|Any CPU
		{23EB2375-62D0-4AD0-8A90-68174368C2FD}.Debug x64|Any CPU.ActiveCfg = Debug|Any CPU
		{23EB2375-62D0-4AD0-8A90-68174368C2FD}.Debug x64|Any CPU.Build.0 = Debug|Any CPU
		{23EB2375-62D0-4AD0-8A90-68174368C2FD}.Debug x64|x64.ActiveCfg = Debug|Any CPU
		{23EB2375-62D0-4AD0-8A90-68174368C2FD}.Debug x64|x64.Build.0 = Debug|Any CPU
		{23EB2375-62D0-4AD0-8A90-68174368C2FD}.Debug x64|x86.ActiveCfg = Debug|Any CPU
		{23EB2375-62D0-4AD0-8A90-68174368C2FD}.Debug x64|x86.Build.0 = Debug|Any CPU
		{23EB2375-62D0-4AD0-8A90-68174368C2FD}.Debug|Any CPU.ActiveCfg = Debug|Any CPU
		{23EB2375-62D0-4AD0-8A90-68174368C2FD}.Debug|Any CPU.Build.0 = Debug|Any CPU
		{23EB2375-62D0-4AD0-8A90-68174368C2FD}.Debug|x64.ActiveCfg = Debug|Any CPU
		{23EB2375-62D0-4AD0-8A90-68174368C2FD}.Debug|x64.Build.0 = Debug|Any CPU
		{23EB2375-62D0-4AD0-8A90-68174368C2FD}.Debug|x86.ActiveCfg = Debug|Any CPU
		{23EB2375-62D0-4AD0-8A90-68174368C2FD}.Debug|x86.Build.0 = Debug|Any CPU
		{23EB2375-62D0-4AD0-8A90-68174368C2FD}.Deploy|Any CPU.ActiveCfg = Debug|Any CPU
		{23EB2375-62D0-4AD0-8A90-68174368C2FD}.Deploy|Any CPU.Build.0 = Debug|Any CPU
		{23EB2375-62D0-4AD0-8A90-68174368C2FD}.Deploy|x64.ActiveCfg = Debug|Any CPU
		{23EB2375-62D0-4AD0-8A90-68174368C2FD}.Deploy|x64.Build.0 = Debug|Any CPU
		{23EB2375-62D0-4AD0-8A90-68174368C2FD}.Deploy|x86.ActiveCfg = Debug|Any CPU
		{23EB2375-62D0-4AD0-8A90-68174368C2FD}.Deploy|x86.Build.0 = Debug|Any CPU
		{23EB2375-62D0-4AD0-8A90-68174368C2FD}.Release x64|Any CPU.ActiveCfg = Release|Any CPU
		{23EB2375-62D0-4AD0-8A90-68174368C2FD}.Release x64|Any CPU.Build.0 = Release|Any CPU
		{23EB2375-62D0-4AD0-8A90-68174368C2FD}.Release x64|x64.ActiveCfg = Release|Any CPU
		{23EB2375-62D0-4AD0-8A90-68174368C2FD}.Release x64|x64.Build.0 = Release|Any CPU
		{23EB2375-62D0-4AD0-8A90-68174368C2FD}.Release x64|x86.ActiveCfg = Release|Any CPU
		{23EB2375-62D0-4AD0-8A90-68174368C2FD}.Release x64|x86.Build.0 = Release|Any CPU
		{23EB2375-62D0-4AD0-8A90-68174368C2FD}.Release|Any CPU.ActiveCfg = Release|Any CPU
		{23EB2375-62D0-4AD0-8A90-68174368C2FD}.Release|Any CPU.Build.0 = Release|Any CPU
		{23EB2375-62D0-4AD0-8A90-68174368C2FD}.Release|x64.ActiveCfg = Release|Any CPU
		{23EB2375-62D0-4AD0-8A90-68174368C2FD}.Release|x64.Build.0 = Release|Any CPU
		{23EB2375-62D0-4AD0-8A90-68174368C2FD}.Release|x86.ActiveCfg = Release|Any CPU
		{23EB2375-62D0-4AD0-8A90-68174368C2FD}.Release|x86.Build.0 = Release|Any CPU
		{3F4E6D55-9EF3-4E28-AB1D-6FD361A24718}.Debug x64|Any CPU.ActiveCfg = Debug|Any CPU
		{3F4E6D55-9EF3-4E28-AB1D-6FD361A24718}.Debug x64|Any CPU.Build.0 = Debug|Any CPU
		{3F4E6D55-9EF3-4E28-AB1D-6FD361A24718}.Debug x64|x64.ActiveCfg = Debug|Any CPU
		{3F4E6D55-9EF3-4E28-AB1D-6FD361A24718}.Debug x64|x64.Build.0 = Debug|Any CPU
		{3F4E6D55-9EF3-4E28-AB1D-6FD361A24718}.Debug x64|x86.ActiveCfg = Debug|Any CPU
		{3F4E6D55-9EF3-4E28-AB1D-6FD361A24718}.Debug x64|x86.Build.0 = Debug|Any CPU
		{3F4E6D55-9EF3-4E28-AB1D-6FD361A24718}.Debug|Any CPU.ActiveCfg = Debug|Any CPU
		{3F4E6D55-9EF3-4E28-AB1D-6FD361A24718}.Debug|Any CPU.Build.0 = Debug|Any CPU
		{3F4E6D55-9EF3-4E28-AB1D-6FD361A24718}.Debug|x64.ActiveCfg = Debug|Any CPU
		{3F4E6D55-9EF3-4E28-AB1D-6FD361A24718}.Debug|x64.Build.0 = Debug|Any CPU
		{3F4E6D55-9EF3-4E28-AB1D-6FD361A24718}.Debug|x86.ActiveCfg = Debug|Any CPU
		{3F4E6D55-9EF3-4E28-AB1D-6FD361A24718}.Debug|x86.Build.0 = Debug|Any CPU
		{3F4E6D55-9EF3-4E28-AB1D-6FD361A24718}.Deploy|Any CPU.ActiveCfg = Debug|Any CPU
		{3F4E6D55-9EF3-4E28-AB1D-6FD361A24718}.Deploy|Any CPU.Build.0 = Debug|Any CPU
		{3F4E6D55-9EF3-4E28-AB1D-6FD361A24718}.Deploy|x64.ActiveCfg = Debug|Any CPU
		{3F4E6D55-9EF3-4E28-AB1D-6FD361A24718}.Deploy|x64.Build.0 = Debug|Any CPU
		{3F4E6D55-9EF3-4E28-AB1D-6FD361A24718}.Deploy|x86.ActiveCfg = Debug|Any CPU
		{3F4E6D55-9EF3-4E28-AB1D-6FD361A24718}.Deploy|x86.Build.0 = Debug|Any CPU
		{3F4E6D55-9EF3-4E28-AB1D-6FD361A24718}.Release x64|Any CPU.ActiveCfg = Release|Any CPU
		{3F4E6D55-9EF3-4E28-AB1D-6FD361A24718}.Release x64|Any CPU.Build.0 = Release|Any CPU
		{3F4E6D55-9EF3-4E28-AB1D-6FD361A24718}.Release x64|x64.ActiveCfg = Release|Any CPU
		{3F4E6D55-9EF3-4E28-AB1D-6FD361A24718}.Release x64|x64.Build.0 = Release|Any CPU
		{3F4E6D55-9EF3-4E28-AB1D-6FD361A24718}.Release x64|x86.ActiveCfg = Release|Any CPU
		{3F4E6D55-9EF3-4E28-AB1D-6FD361A24718}.Release x64|x86.Build.0 = Release|Any CPU
		{3F4E6D55-9EF3-4E28-AB1D-6FD361A24718}.Release|Any CPU.ActiveCfg = Release|Any CPU
		{3F4E6D55-9EF3-4E28-AB1D-6FD361A24718}.Release|Any CPU.Build.0 = Release|Any CPU
		{3F4E6D55-9EF3-4E28-AB1D-6FD361A24718}.Release|x64.ActiveCfg = Release|Any CPU
		{3F4E6D55-9EF3-4E28-AB1D-6FD361A24718}.Release|x64.Build.0 = Release|Any CPU
		{3F4E6D55-9EF3-4E28-AB1D-6FD361A24718}.Release|x86.ActiveCfg = Release|Any CPU
		{3F4E6D55-9EF3-4E28-AB1D-6FD361A24718}.Release|x86.Build.0 = Release|Any CPU
		{B7DFD6CC-E813-4B6E-84D6-C0D64A5193CB}.Debug x64|Any CPU.ActiveCfg = Debug|Any CPU
		{B7DFD6CC-E813-4B6E-84D6-C0D64A5193CB}.Debug x64|Any CPU.Build.0 = Debug|Any CPU
		{B7DFD6CC-E813-4B6E-84D6-C0D64A5193CB}.Debug x64|x64.ActiveCfg = Debug|Any CPU
		{B7DFD6CC-E813-4B6E-84D6-C0D64A5193CB}.Debug x64|x64.Build.0 = Debug|Any CPU
		{B7DFD6CC-E813-4B6E-84D6-C0D64A5193CB}.Debug x64|x86.ActiveCfg = Debug|Any CPU
		{B7DFD6CC-E813-4B6E-84D6-C0D64A5193CB}.Debug x64|x86.Build.0 = Debug|Any CPU
		{B7DFD6CC-E813-4B6E-84D6-C0D64A5193CB}.Debug|Any CPU.ActiveCfg = Debug|Any CPU
		{B7DFD6CC-E813-4B6E-84D6-C0D64A5193CB}.Debug|Any CPU.Build.0 = Debug|Any CPU
		{B7DFD6CC-E813-4B6E-84D6-C0D64A5193CB}.Debug|x64.ActiveCfg = Debug|Any CPU
		{B7DFD6CC-E813-4B6E-84D6-C0D64A5193CB}.Debug|x64.Build.0 = Debug|Any CPU
		{B7DFD6CC-E813-4B6E-84D6-C0D64A5193CB}.Debug|x86.ActiveCfg = Debug|Any CPU
		{B7DFD6CC-E813-4B6E-84D6-C0D64A5193CB}.Debug|x86.Build.0 = Debug|Any CPU
		{B7DFD6CC-E813-4B6E-84D6-C0D64A5193CB}.Deploy|Any CPU.ActiveCfg = Debug|Any CPU
		{B7DFD6CC-E813-4B6E-84D6-C0D64A5193CB}.Deploy|Any CPU.Build.0 = Debug|Any CPU
		{B7DFD6CC-E813-4B6E-84D6-C0D64A5193CB}.Deploy|x64.ActiveCfg = Debug|Any CPU
		{B7DFD6CC-E813-4B6E-84D6-C0D64A5193CB}.Deploy|x64.Build.0 = Debug|Any CPU
		{B7DFD6CC-E813-4B6E-84D6-C0D64A5193CB}.Deploy|x86.ActiveCfg = Debug|Any CPU
		{B7DFD6CC-E813-4B6E-84D6-C0D64A5193CB}.Deploy|x86.Build.0 = Debug|Any CPU
		{B7DFD6CC-E813-4B6E-84D6-C0D64A5193CB}.Release x64|Any CPU.ActiveCfg = Release|Any CPU
		{B7DFD6CC-E813-4B6E-84D6-C0D64A5193CB}.Release x64|Any CPU.Build.0 = Release|Any CPU
		{B7DFD6CC-E813-4B6E-84D6-C0D64A5193CB}.Release x64|x64.ActiveCfg = Release|Any CPU
		{B7DFD6CC-E813-4B6E-84D6-C0D64A5193CB}.Release x64|x64.Build.0 = Release|Any CPU
		{B7DFD6CC-E813-4B6E-84D6-C0D64A5193CB}.Release x64|x86.ActiveCfg = Release|Any CPU
		{B7DFD6CC-E813-4B6E-84D6-C0D64A5193CB}.Release x64|x86.Build.0 = Release|Any CPU
		{B7DFD6CC-E813-4B6E-84D6-C0D64A5193CB}.Release|Any CPU.ActiveCfg = Release|Any CPU
		{B7DFD6CC-E813-4B6E-84D6-C0D64A5193CB}.Release|Any CPU.Build.0 = Release|Any CPU
		{B7DFD6CC-E813-4B6E-84D6-C0D64A5193CB}.Release|x64.ActiveCfg = Release|Any CPU
		{B7DFD6CC-E813-4B6E-84D6-C0D64A5193CB}.Release|x64.Build.0 = Release|Any CPU
		{B7DFD6CC-E813-4B6E-84D6-C0D64A5193CB}.Release|x86.ActiveCfg = Release|Any CPU
		{B7DFD6CC-E813-4B6E-84D6-C0D64A5193CB}.Release|x86.Build.0 = Release|Any CPU
		{273949C5-24AA-42CE-923A-E1E4FF007332}.Debug x64|Any CPU.ActiveCfg = Debug|Any CPU
		{273949C5-24AA-42CE-923A-E1E4FF007332}.Debug x64|Any CPU.Build.0 = Debug|Any CPU
		{273949C5-24AA-42CE-923A-E1E4FF007332}.Debug x64|x64.ActiveCfg = Debug|Any CPU
		{273949C5-24AA-42CE-923A-E1E4FF007332}.Debug x64|x64.Build.0 = Debug|Any CPU
		{273949C5-24AA-42CE-923A-E1E4FF007332}.Debug x64|x86.ActiveCfg = Debug|Any CPU
		{273949C5-24AA-42CE-923A-E1E4FF007332}.Debug x64|x86.Build.0 = Debug|Any CPU
		{273949C5-24AA-42CE-923A-E1E4FF007332}.Debug|Any CPU.ActiveCfg = Debug|Any CPU
		{273949C5-24AA-42CE-923A-E1E4FF007332}.Debug|Any CPU.Build.0 = Debug|Any CPU
		{273949C5-24AA-42CE-923A-E1E4FF007332}.Debug|x64.ActiveCfg = Debug|Any CPU
		{273949C5-24AA-42CE-923A-E1E4FF007332}.Debug|x64.Build.0 = Debug|Any CPU
		{273949C5-24AA-42CE-923A-E1E4FF007332}.Debug|x86.ActiveCfg = Debug|Any CPU
		{273949C5-24AA-42CE-923A-E1E4FF007332}.Debug|x86.Build.0 = Debug|Any CPU
		{273949C5-24AA-42CE-923A-E1E4FF007332}.Deploy|Any CPU.ActiveCfg = Debug|Any CPU
		{273949C5-24AA-42CE-923A-E1E4FF007332}.Deploy|Any CPU.Build.0 = Debug|Any CPU
		{273949C5-24AA-42CE-923A-E1E4FF007332}.Deploy|x64.ActiveCfg = Debug|Any CPU
		{273949C5-24AA-42CE-923A-E1E4FF007332}.Deploy|x64.Build.0 = Debug|Any CPU
		{273949C5-24AA-42CE-923A-E1E4FF007332}.Deploy|x86.ActiveCfg = Debug|Any CPU
		{273949C5-24AA-42CE-923A-E1E4FF007332}.Deploy|x86.Build.0 = Debug|Any CPU
		{273949C5-24AA-42CE-923A-E1E4FF007332}.Release x64|Any CPU.ActiveCfg = Release|Any CPU
		{273949C5-24AA-42CE-923A-E1E4FF007332}.Release x64|Any CPU.Build.0 = Release|Any CPU
		{273949C5-24AA-42CE-923A-E1E4FF007332}.Release x64|x64.ActiveCfg = Release|Any CPU
		{273949C5-24AA-42CE-923A-E1E4FF007332}.Release x64|x64.Build.0 = Release|Any CPU
		{273949C5-24AA-42CE-923A-E1E4FF007332}.Release x64|x86.ActiveCfg = Release|Any CPU
		{273949C5-24AA-42CE-923A-E1E4FF007332}.Release x64|x86.Build.0 = Release|Any CPU
		{273949C5-24AA-42CE-923A-E1E4FF007332}.Release|Any CPU.ActiveCfg = Release|Any CPU
		{273949C5-24AA-42CE-923A-E1E4FF007332}.Release|Any CPU.Build.0 = Release|Any CPU
		{273949C5-24AA-42CE-923A-E1E4FF007332}.Release|x64.ActiveCfg = Release|Any CPU
		{273949C5-24AA-42CE-923A-E1E4FF007332}.Release|x64.Build.0 = Release|Any CPU
		{273949C5-24AA-42CE-923A-E1E4FF007332}.Release|x86.ActiveCfg = Release|Any CPU
		{273949C5-24AA-42CE-923A-E1E4FF007332}.Release|x86.Build.0 = Release|Any CPU
		{F8708B31-DC01-433F-ABA4-7D53D11E3344}.Debug x64|Any CPU.ActiveCfg = Debug|Any CPU
		{F8708B31-DC01-433F-ABA4-7D53D11E3344}.Debug x64|Any CPU.Build.0 = Debug|Any CPU
		{F8708B31-DC01-433F-ABA4-7D53D11E3344}.Debug x64|x64.ActiveCfg = Debug|Any CPU
		{F8708B31-DC01-433F-ABA4-7D53D11E3344}.Debug x64|x64.Build.0 = Debug|Any CPU
		{F8708B31-DC01-433F-ABA4-7D53D11E3344}.Debug x64|x86.ActiveCfg = Debug|Any CPU
		{F8708B31-DC01-433F-ABA4-7D53D11E3344}.Debug x64|x86.Build.0 = Debug|Any CPU
		{F8708B31-DC01-433F-ABA4-7D53D11E3344}.Debug|Any CPU.ActiveCfg = Debug|Any CPU
		{F8708B31-DC01-433F-ABA4-7D53D11E3344}.Debug|Any CPU.Build.0 = Debug|Any CPU
		{F8708B31-DC01-433F-ABA4-7D53D11E3344}.Debug|x64.ActiveCfg = Debug|Any CPU
		{F8708B31-DC01-433F-ABA4-7D53D11E3344}.Debug|x64.Build.0 = Debug|Any CPU
		{F8708B31-DC01-433F-ABA4-7D53D11E3344}.Debug|x86.ActiveCfg = Debug|Any CPU
		{F8708B31-DC01-433F-ABA4-7D53D11E3344}.Debug|x86.Build.0 = Debug|Any CPU
		{F8708B31-DC01-433F-ABA4-7D53D11E3344}.Deploy|Any CPU.ActiveCfg = Debug|Any CPU
		{F8708B31-DC01-433F-ABA4-7D53D11E3344}.Deploy|Any CPU.Build.0 = Debug|Any CPU
		{F8708B31-DC01-433F-ABA4-7D53D11E3344}.Deploy|x64.ActiveCfg = Debug|Any CPU
		{F8708B31-DC01-433F-ABA4-7D53D11E3344}.Deploy|x64.Build.0 = Debug|Any CPU
		{F8708B31-DC01-433F-ABA4-7D53D11E3344}.Deploy|x86.ActiveCfg = Debug|Any CPU
		{F8708B31-DC01-433F-ABA4-7D53D11E3344}.Deploy|x86.Build.0 = Debug|Any CPU
		{F8708B31-DC01-433F-ABA4-7D53D11E3344}.Release x64|Any CPU.ActiveCfg = Release|Any CPU
		{F8708B31-DC01-433F-ABA4-7D53D11E3344}.Release x64|Any CPU.Build.0 = Release|Any CPU
		{F8708B31-DC01-433F-ABA4-7D53D11E3344}.Release x64|x64.ActiveCfg = Release|Any CPU
		{F8708B31-DC01-433F-ABA4-7D53D11E3344}.Release x64|x64.Build.0 = Release|Any CPU
		{F8708B31-DC01-433F-ABA4-7D53D11E3344}.Release x64|x86.ActiveCfg = Release|Any CPU
		{F8708B31-DC01-433F-ABA4-7D53D11E3344}.Release x64|x86.Build.0 = Release|Any CPU
		{F8708B31-DC01-433F-ABA4-7D53D11E3344}.Release|Any CPU.ActiveCfg = Release|Any CPU
		{F8708B31-DC01-433F-ABA4-7D53D11E3344}.Release|Any CPU.Build.0 = Release|Any CPU
		{F8708B31-DC01-433F-ABA4-7D53D11E3344}.Release|x64.ActiveCfg = Release|Any CPU
		{F8708B31-DC01-433F-ABA4-7D53D11E3344}.Release|x64.Build.0 = Release|Any CPU
		{F8708B31-DC01-433F-ABA4-7D53D11E3344}.Release|x86.ActiveCfg = Release|Any CPU
		{F8708B31-DC01-433F-ABA4-7D53D11E3344}.Release|x86.Build.0 = Release|Any CPU
	EndGlobalSection
	GlobalSection(SolutionProperties) = preSolution
		HideSolutionNode = FALSE
	EndGlobalSection
	GlobalSection(ExtensibilityGlobals) = postSolution
		SolutionGuid = {B0677F1E-3E48-45AD-96C1-1E158C459789}
	EndGlobalSection
EndGlobal
